
Microsoft Visual Studio Solution File, Format Version 12.00
# Visual Studio Version 16
VisualStudioVersion = 16.0.31205.134
MinimumVisualStudioVersion = 10.0.40219.1
Project("{9A19103F-16F7-4668-BE54-9A1E7A4F7556}") = "Business", "Business\Business.csproj", "{F656BB85-69D1-40A6-9CF3-018E147DC7FB}"
EndProject
Project("{9A19103F-16F7-4668-BE54-9A1E7A4F7556}") = "DataAccess", "DataAccess\DataAccess.csproj", "{EBF842B1-7115-4F8C-9759-6BC1068D6F6B}"
EndProject
Project("{9A19103F-16F7-4668-BE54-9A1E7A4F7556}") = "Entities", "Entities\Entities.csproj", "{F8780317-FCBD-4747-82D8-09AB0E3D1FBC}"
EndProject
Project("{9A19103F-16F7-4668-BE54-9A1E7A4F7556}") = "Core", "Core\Core.csproj", "{4F43F337-6256-4C9B-B502-EBDF73C015F3}"
EndProject
Project("{9A19103F-16F7-4668-BE54-9A1E7A4F7556}") = "ConsoleUI", "ConsoleUI\ConsoleUI.csproj", "{450B369C-C63A-4A31-AF48-8FF86AD54CBC}"
EndProject
Global
	GlobalSection(SolutionConfigurationPlatforms) = preSolution
		Debug|Any CPU = Debug|Any CPU
		Release|Any CPU = Release|Any CPU
	EndGlobalSection
	GlobalSection(ProjectConfigurationPlatforms) = postSolution
		{F656BB85-69D1-40A6-9CF3-018E147DC7FB}.Debug|Any CPU.ActiveCfg = Debug|Any CPU
		{F656BB85-69D1-40A6-9CF3-018E147DC7FB}.Debug|Any CPU.Build.0 = Debug|Any CPU
		{F656BB85-69D1-40A6-9CF3-018E147DC7FB}.Release|Any CPU.ActiveCfg = Release|Any CPU
		{F656BB85-69D1-40A6-9CF3-018E147DC7FB}.Release|Any CPU.Build.0 = Release|Any CPU
		{EBF842B1-7115-4F8C-9759-6BC1068D6F6B}.Debug|Any CPU.ActiveCfg = Debug|Any CPU
		{EBF842B1-7115-4F8C-9759-6BC1068D6F6B}.Debug|Any CPU.Build.0 = Debug|Any CPU
		{EBF842B1-7115-4F8C-9759-6BC1068D6F6B}.Release|Any CPU.ActiveCfg = Release|Any CPU
		{EBF842B1-7115-4F8C-9759-6BC1068D6F6B}.Release|Any CPU.Build.0 = Release|Any CPU
		{F8780317-FCBD-4747-82D8-09AB0E3D1FBC}.Debug|Any CPU.ActiveCfg = Debug|Any CPU
		{F8780317-FCBD-4747-82D8-09AB0E3D1FBC}.Debug|Any CPU.Build.0 = Debug|Any CPU
		{F8780317-FCBD-4747-82D8-09AB0E3D1FBC}.Release|Any CPU.ActiveCfg = Release|Any CPU
		{F8780317-FCBD-4747-82D8-09AB0E3D1FBC}.Release|Any CPU.Build.0 = Release|Any CPU
		{4F43F337-6256-4C9B-B502-EBDF73C015F3}.Debug|Any CPU.ActiveCfg = Debug|Any CPU
		{4F43F337-6256-4C9B-B502-EBDF73C015F3}.Debug|Any CPU.Build.0 = Debug|Any CPU
		{4F43F337-6256-4C9B-B502-EBDF73C015F3}.Release|Any CPU.ActiveCfg = Release|Any CPU
		{4F43F337-6256-4C9B-B502-EBDF73C015F3}.Release|Any CPU.Build.0 = Release|Any CPU
		{450B369C-C63A-4A31-AF48-8FF86AD54CBC}.Debug|Any CPU.ActiveCfg = Debug|Any CPU
		{450B369C-C63A-4A31-AF48-8FF86AD54CBC}.Debug|Any CPU.Build.0 = Debug|Any CPU
		{450B369C-C63A-4A31-AF48-8FF86AD54CBC}.Release|Any CPU.ActiveCfg = Release|Any CPU
		{450B369C-C63A-4A31-AF48-8FF86AD54CBC}.Release|Any CPU.Build.0 = Release|Any CPU
	EndGlobalSection
	GlobalSection(SolutionProperties) = preSolution
		HideSolutionNode = FALSE
	EndGlobalSection
	GlobalSection(ExtensibilityGlobals) = postSolution
		SolutionGuid = {9ACAADE9-EBCA-42F5-A8ED-0E66153B4E0C}
	EndGlobalSection
EndGlobal
